
Microsoft Visual Studio Solution File, Format Version 12.00
# Visual Studio Version 16
VisualStudioVersion = 16.0.30717.126
MinimumVisualStudioVersion = 10.0.40219.1
Project("{FAE04EC0-301F-11D3-BF4B-00C04F79EFBC}") = "Filmstudion", "Filmstudion\Filmstudion.csproj", "{5908D490-4457-4440-A3F9-5B6B80532870}"
EndProject
Global
	GlobalSection(SolutionConfigurationPlatforms) = preSolution
		Debug|Any CPU = Debug|Any CPU
		Release|Any CPU = Release|Any CPU
	EndGlobalSection
	GlobalSection(ProjectConfigurationPlatforms) = postSolution
		{5908D490-4457-4440-A3F9-5B6B80532870}.Debug|Any CPU.ActiveCfg = Debug|Any CPU
		{5908D490-4457-4440-A3F9-5B6B80532870}.Debug|Any CPU.Build.0 = Debug|Any CPU
		{5908D490-4457-4440-A3F9-5B6B80532870}.Release|Any CPU.ActiveCfg = Release|Any CPU
		{5908D490-4457-4440-A3F9-5B6B80532870}.Release|Any CPU.Build.0 = Release|Any CPU
	EndGlobalSection
	GlobalSection(SolutionProperties) = preSolution
		HideSolutionNode = FALSE
	EndGlobalSection
	GlobalSection(ExtensibilityGlobals) = postSolution
		SolutionGuid = {834854DB-8F2C-497D-80B9-619BD3FC8163}
	EndGlobalSection
EndGlobal
